// !$*UTF8*$!
{
	archiveVersion = 1;
	classes = {
	};
	objectVersion = 46;
	objects = {

/* Begin PBXBuildFile section */
		716C525E1EC748B600081179 /* AppDelegate.swift in Sources */ = {isa = PBXBuildFile; fileRef = 716C525D1EC748B600081179 /* AppDelegate.swift */; };
		716C52601EC748B600081179 /* ViewController.swift in Sources */ = {isa = PBXBuildFile; fileRef = 716C525F1EC748B600081179 /* ViewController.swift */; };
		716C52631EC748B600081179 /* Main.storyboard in Resources */ = {isa = PBXBuildFile; fileRef = 716C52611EC748B600081179 /* Main.storyboard */; };
		716C52651EC748B600081179 /* Assets.xcassets in Resources */ = {isa = PBXBuildFile; fileRef = 716C52641EC748B600081179 /* Assets.xcassets */; };
		716C52681EC748B600081179 /* LaunchScreen.storyboard in Resources */ = {isa = PBXBuildFile; fileRef = 716C52661EC748B600081179 /* LaunchScreen.storyboard */; };
		716C52731EC748B600081179 /* PitchPerfectTests.swift in Sources */ = {isa = PBXBuildFile; fileRef = 716C52721EC748B600081179 /* PitchPerfectTests.swift */; };
		716C527E1EC748B600081179 /* PitchPerfectUITests.swift in Sources */ = {isa = PBXBuildFile; fileRef = 716C527D1EC748B600081179 /* PitchPerfectUITests.swift */; };
/* End PBXBuildFile section */

/* Begin PBXContainerItemProxy section */
		716C526F1EC748B600081179 /* PBXContainerItemProxy */ = {
			isa = PBXContainerItemProxy;
			containerPortal = 716C52521EC748B600081179 /* Project object */;
			proxyType = 1;
			remoteGlobalIDString = 716C52591EC748B600081179;
			remoteInfo = PitchPerfect;
		};
		716C527A1EC748B600081179 /* PBXContainerItemProxy */ = {
			isa = PBXContainerItemProxy;
			containerPortal = 716C52521EC748B600081179 /* Project object */;
			proxyType = 1;
			remoteGlobalIDString = 716C52591EC748B600081179;
			remoteInfo = PitchPerfect;
		};
/* End PBXContainerItemProxy section */

/* Begin PBXFileReference section */
		716C525A1EC748B600081179 /* PitchPerfect.app */ = {isa = PBXFileReference; explicitFileType = wrapper.application; includeInIndex = 0; path = PitchPerfect.app; sourceTree = BUILT_PRODUCTS_DIR; };
		716C525D1EC748B600081179 /* AppDelegate.swift */ = {isa = PBXFileReference; lastKnownFileType = sourcecode.swift; path = AppDelegate.swift; sourceTree = "<group>"; };
		716C525F1EC748B600081179 /* ViewController.swift */ = {isa = PBXFileReference; lastKnownFileType = sourcecode.swift; path = ViewController.swift; sourceTree = "<group>"; };
		716C52621EC748B600081179 /* Base */ = {isa = PBXFileReference; lastKnownFileType = file.storyboard; name = Base; path = Base.lproj/Main.storyboard; sourceTree = "<group>"; };
		716C52641EC748B600081179 /* Assets.xcassets */ = {isa = PBXFileReference; lastKnownFileType = folder.assetcatalog; path = Assets.xcassets; sourceTree = "<group>"; };
		716C52671EC748B600081179 /* Base */ = {isa = PBXFileReference; lastKnownFileType = file.storyboard; name = Base; path = Base.lproj/LaunchScreen.storyboard; sourceTree = "<group>"; };
		716C52691EC748B600081179 /* Info.plist */ = {isa = PBXFileReference; lastKnownFileType = text.plist.xml; path = Info.plist; sourceTree = "<group>"; };
		716C526E1EC748B600081179 /* PitchPerfectTests.xctest */ = {isa = PBXFileReference; explicitFileType = wrapper.cfbundle; includeInIndex = 0; path = PitchPerfectTests.xctest; sourceTree = BUILT_PRODUCTS_DIR; };
		716C52721EC748B600081179 /* PitchPerfectTests.swift */ = {isa = PBXFileReference; lastKnownFileType = sourcecode.swift; path = PitchPerfectTests.swift; sourceTree = "<group>"; };
		716C52741EC748B600081179 /* Info.plist */ = {isa = PBXFileReference; lastKnownFileType = text.plist.xml; path = Info.plist; sourceTree = "<group>"; };
		716C52791EC748B600081179 /* PitchPerfectUITests.xctest */ = {isa = PBXFileReference; explicitFileType = wrapper.cfbundle; includeInIndex = 0; path = PitchPerfectUITests.xctest; sourceTree = BUILT_PRODUCTS_DIR; };
		716C527D1EC748B600081179 /* PitchPerfectUITests.swift */ = {isa = PBXFileReference; lastKnownFileType = sourcecode.swift; path = PitchPerfectUITests.swift; sourceTree = "<group>"; };
		716C527F1EC748B600081179 /* Info.plist */ = {isa = PBXFileReference; lastKnownFileType = text.plist.xml; path = Info.plist; sourceTree = "<group>"; };
/* End PBXFileReference section */

/* Begin PBXFrameworksBuildPhase section */
		716C52571EC748B600081179 /* Frameworks */ = {
			isa = PBXFrameworksBuildPhase;
			buildActionMask = 2147483647;
			files = (
			);
			runOnlyForDeploymentPostprocessing = 0;
		};
		716C526B1EC748B600081179 /* Frameworks */ = {
			isa = PBXFrameworksBuildPhase;
			buildActionMask = 2147483647;
			files = (
			);
			runOnlyForDeploymentPostprocessing = 0;
		};
		716C52761EC748B600081179 /* Frameworks */ = {
			isa = PBXFrameworksBuildPhase;
			buildActionMask = 2147483647;
			files = (
			);
			runOnlyForDeploymentPostprocessing = 0;
		};
/* End PBXFrameworksBuildPhase section */

/* Begin PBXGroup section */
		716C52511EC748B600081179 = {
			isa = PBXGroup;
			children = (
				716C525C1EC748B600081179 /* PitchPerfect */,
				716C52711EC748B600081179 /* PitchPerfectTests */,
				716C527C1EC748B600081179 /* PitchPerfectUITests */,
				716C525B1EC748B600081179 /* Products */,
			);
			sourceTree = "<group>";
		};
		716C525B1EC748B600081179 /* Products */ = {
			isa = PBXGroup;
			children = (
				716C525A1EC748B600081179 /* PitchPerfect.app */,
				716C526E1EC748B600081179 /* PitchPerfectTests.xctest */,
				716C52791EC748B600081179 /* PitchPerfectUITests.xctest */,
			);
			name = Products;
			sourceTree = "<group>";
		};
		716C525C1EC748B600081179 /* PitchPerfect */ = {
			isa = PBXGroup;
			children = (
				716C525D1EC748B600081179 /* AppDelegate.swift */,
				716C525F1EC748B600081179 /* ViewController.swift */,
				716C52611EC748B600081179 /* Main.storyboard */,
				716C52641EC748B600081179 /* Assets.xcassets */,
				716C52661EC748B600081179 /* LaunchScreen.storyboard */,
				716C52691EC748B600081179 /* Info.plist */,
			);
			path = PitchPerfect;
			sourceTree = "<group>";
		};
		716C52711EC748B600081179 /* PitchPerfectTests */ = {
			isa = PBXGroup;
			children = (
				716C52721EC748B600081179 /* PitchPerfectTests.swift */,
				716C52741EC748B600081179 /* Info.plist */,
			);
			path = PitchPerfectTests;
			sourceTree = "<group>";
		};
		716C527C1EC748B600081179 /* PitchPerfectUITests */ = {
			isa = PBXGroup;
			children = (
				716C527D1EC748B600081179 /* PitchPerfectUITests.swift */,
				716C527F1EC748B600081179 /* Info.plist */,
			);
			path = PitchPerfectUITests;
			sourceTree = "<group>";
		};
/* End PBXGroup section */

/* Begin PBXNativeTarget section */
		716C52591EC748B600081179 /* PitchPerfect */ = {
			isa = PBXNativeTarget;
			buildConfigurationList = 716C52821EC748B600081179 /* Build configuration list for PBXNativeTarget "PitchPerfect" */;
			buildPhases = (
				716C52561EC748B600081179 /* Sources */,
				716C52571EC748B600081179 /* Frameworks */,
				716C52581EC748B600081179 /* Resources */,
			);
			buildRules = (
			);
			dependencies = (
			);
			name = PitchPerfect;
			productName = PitchPerfect;
			productReference = 716C525A1EC748B600081179 /* PitchPerfect.app */;
			productType = "com.apple.product-type.application";
		};
		716C526D1EC748B600081179 /* PitchPerfectTests */ = {
			isa = PBXNativeTarget;
			buildConfigurationList = 716C52851EC748B600081179 /* Build configuration list for PBXNativeTarget "PitchPerfectTests" */;
			buildPhases = (
				716C526A1EC748B600081179 /* Sources */,
				716C526B1EC748B600081179 /* Frameworks */,
				716C526C1EC748B600081179 /* Resources */,
			);
			buildRules = (
			);
			dependencies = (
				716C52701EC748B600081179 /* PBXTargetDependency */,
			);
			name = PitchPerfectTests;
			productName = PitchPerfectTests;
			productReference = 716C526E1EC748B600081179 /* PitchPerfectTests.xctest */;
			productType = "com.apple.product-type.bundle.unit-test";
		};
		716C52781EC748B600081179 /* PitchPerfectUITests */ = {
			isa = PBXNativeTarget;
			buildConfigurationList = 716C52881EC748B600081179 /* Build configuration list for PBXNativeTarget "PitchPerfectUITests" */;
			buildPhases = (
				716C52751EC748B600081179 /* Sources */,
				716C52761EC748B600081179 /* Frameworks */,
				716C52771EC748B600081179 /* Resources */,
			);
			buildRules = (
			);
			dependencies = (
				716C527B1EC748B600081179 /* PBXTargetDependency */,
			);
			name = PitchPerfectUITests;
			productName = PitchPerfectUITests;
			productReference = 716C52791EC748B600081179 /* PitchPerfectUITests.xctest */;
			productType = "com.apple.product-type.bundle.ui-testing";
		};
/* End PBXNativeTarget section */

/* Begin PBXProject section */
		716C52521EC748B600081179 /* Project object */ = {
			isa = PBXProject;
			attributes = {
				LastSwiftUpdateCheck = 0810;
				LastUpgradeCheck = 0810;
				ORGANIZATIONNAME = "Pinak Jalan";
				TargetAttributes = {
					716C52591EC748B600081179 = {
						CreatedOnToolsVersion = 8.1;
						ProvisioningStyle = Automatic;
					};
					716C526D1EC748B600081179 = {
						CreatedOnToolsVersion = 8.1;
						ProvisioningStyle = Automatic;
						TestTargetID = 716C52591EC748B600081179;
					};
					716C52781EC748B600081179 = {
						CreatedOnToolsVersion = 8.1;
						ProvisioningStyle = Automatic;
						TestTargetID = 716C52591EC748B600081179;
					};
				};
			};
			buildConfigurationList = 716C52551EC748B600081179 /* Build configuration list for PBXProject "PitchPerfect" */;
			compatibilityVersion = "Xcode 3.2";
			developmentRegion = English;
			hasScannedForEncodings = 0;
			knownRegions = (
				en,
				Base,
			);
			mainGroup = 716C52511EC748B600081179;
			productRefGroup = 716C525B1EC748B600081179 /* Products */;
			projectDirPath = "";
			projectRoot = "";
			targets = (
				716C52591EC748B600081179 /* PitchPerfect */,
				716C526D1EC748B600081179 /* PitchPerfectTests */,
				716C52781EC748B600081179 /* PitchPerfectUITests */,
			);
		};
/* End PBXProject section */

/* Begin PBXResourcesBuildPhase section */
		716C52581EC748B600081179 /* Resources */ = {
			isa = PBXResourcesBuildPhase;
			buildActionMask = 2147483647;
			files = (
				716C52681EC748B600081179 /* LaunchScreen.storyboard in Resources */,
				716C52651EC748B600081179 /* Assets.xcassets in Resources */,
				716C52631EC748B600081179 /* Main.storyboard in Resources */,
			);
			runOnlyForDeploymentPostprocessing = 0;
		};
		716C526C1EC748B600081179 /* Resources */ = {
			isa = PBXResourcesBuildPhase;
			buildActionMask = 2147483647;
			files = (
			);
			runOnlyForDeploymentPostprocessing = 0;
		};
		716C52771EC748B600081179 /* Resources */ = {
			isa = PBXResourcesBuildPhase;
			buildActionMask = 2147483647;
			files = (
			);
			runOnlyForDeploymentPostprocessing = 0;
		};
/* End PBXResourcesBuildPhase section */

/* Begin PBXSourcesBuildPhase section */
		716C52561EC748B600081179 /* Sources */ = {
			isa = PBXSourcesBuildPhase;
			buildActionMask = 2147483647;
			files = (
				716C52601EC748B600081179 /* ViewController.swift in Sources */,
				716C525E1EC748B600081179 /* AppDelegate.swift in Sources */,
			);
			runOnlyForDeploymentPostprocessing = 0;
		};
		716C526A1EC748B600081179 /* Sources */ = {
			isa = PBXSourcesBuildPhase;
			buildActionMask = 2147483647;
			files = (
				716C52731EC748B600081179 /* PitchPerfectTests.swift in Sources */,
			);
			runOnlyForDeploymentPostprocessing = 0;
		};
		716C52751EC748B600081179 /* Sources */ = {
			isa = PBXSourcesBuildPhase;
			buildActionMask = 2147483647;
			files = (
				716C527E1EC748B600081179 /* PitchPerfectUITests.swift in Sources */,
			);
			runOnlyForDeploymentPostprocessing = 0;
		};
/* End PBXSourcesBuildPhase section */

/* Begin PBXTargetDependency section */
		716C52701EC748B600081179 /* PBXTargetDependency */ = {
			isa = PBXTargetDependency;
			target = 716C52591EC748B600081179 /* PitchPerfect */;
			targetProxy = 716C526F1EC748B600081179 /* PBXContainerItemProxy */;
		};
		716C527B1EC748B600081179 /* PBXTargetDependency */ = {
			isa = PBXTargetDependency;
			target = 716C52591EC748B600081179 /* PitchPerfect */;
			targetProxy = 716C527A1EC748B600081179 /* PBXContainerItemProxy */;
		};
/* End PBXTargetDependency section */

/* Begin PBXVariantGroup section */
		716C52611EC748B600081179 /* Main.storyboard */ = {
			isa = PBXVariantGroup;
			children = (
				716C52621EC748B600081179 /* Base */,
			);
			name = Main.storyboard;
			sourceTree = "<group>";
		};
		716C52661EC748B600081179 /* LaunchScreen.storyboard */ = {
			isa = PBXVariantGroup;
			children = (
				716C52671EC748B600081179 /* Base */,
			);
			name = LaunchScreen.storyboard;
			sourceTree = "<group>";
		};
/* End PBXVariantGroup section */

/* Begin XCBuildConfiguration section */
		716C52801EC748B600081179 /* Debug */ = {
			isa = XCBuildConfiguration;
			buildSettings = {
				ALWAYS_SEARCH_USER_PATHS = NO;
				CLANG_ANALYZER_NONNULL = YES;
				CLANG_CXX_LANGUAGE_STANDARD = "gnu++0x";
				CLANG_CXX_LIBRARY = "libc++";
				CLANG_ENABLE_MODULES = YES;
				CLANG_ENABLE_OBJC_ARC = YES;
				CLANG_WARN_BOOL_CONVERSION = YES;
				CLANG_WARN_CONSTANT_CONVERSION = YES;
				CLANG_WARN_DIRECT_OBJC_ISA_USAGE = YES_ERROR;
				CLANG_WARN_DOCUMENTATION_COMMENTS = YES;
				CLANG_WARN_EMPTY_BODY = YES;
				CLANG_WARN_ENUM_CONVERSION = YES;
				CLANG_WARN_INFINITE_RECURSION = YES;
				CLANG_WARN_INT_CONVERSION = YES;
				CLANG_WARN_OBJC_ROOT_CLASS = YES_ERROR;
				CLANG_WARN_SUSPICIOUS_MOVES = YES;
				CLANG_WARN_UNREACHABLE_CODE = YES;
				CLANG_WARN__DUPLICATE_METHOD_MATCH = YES;
				"CODE_SIGN_IDENTITY[sdk=iphoneos*]" = "iPhone Developer";
				COPY_PHASE_STRIP = NO;
				DEBUG_INFORMATION_FORMAT = dwarf;
				ENABLE_STRICT_OBJC_MSGSEND = YES;
				ENABLE_TESTABILITY = YES;
				GCC_C_LANGUAGE_STANDARD = gnu99;
				GCC_DYNAMIC_NO_PIC = NO;
				GCC_NO_COMMON_BLOCKS = YES;
				GCC_OPTIMIZATION_LEVEL = 0;
				GCC_PREPROCESSOR_DEFINITIONS = (
					"DEBUG=1",
					"$(inherited)",
				);
				GCC_WARN_64_TO_32_BIT_CONVERSION = YES;
				GCC_WARN_ABOUT_RETURN_TYPE = YES_ERROR;
				GCC_WARN_UNDECLARED_SELECTOR = YES;
				GCC_WARN_UNINITIALIZED_AUTOS = YES_AGGRESSIVE;
				GCC_WARN_UNUSED_FUNCTION = YES;
				GCC_WARN_UNUSED_VARIABLE = YES;
				IPHONEOS_DEPLOYMENT_TARGET = 10.1;
				MTL_ENABLE_DEBUG_INFO = YES;
				ONLY_ACTIVE_ARCH = YES;
				SDKROOT = iphoneos;
				SWIFT_ACTIVE_COMPILATION_CONDITIONS = DEBUG;
				SWIFT_OPTIMIZATION_LEVEL = "-Onone";
				TARGETED_DEVICE_FAMILY = "1,2";
			};
			name = Debug;
		};
		716C52811EC748B600081179 /* Release */ = {
			isa = XCBuildConfiguration;
			buildSettings = {
				ALWAYS_SEARCH_USER_PATHS = NO;
				CLANG_ANALYZER_NONNULL = YES;
				CLANG_CXX_LANGUAGE_STANDARD = "gnu++0x";
				CLANG_CXX_LIBRARY = "libc++";
				CLANG_ENABLE_MODULES = YES;
				CLANG_ENABLE_OBJC_ARC = YES;
				CLANG_WARN_BOOL_CONVERSION = YES;
				CLANG_WARN_CONSTANT_CONVERSION = YES;
				CLANG_WARN_DIRECT_OBJC_ISA_USAGE = YES_ERROR;
				CLANG_WARN_DOCUMENTATION_COMMENTS = YES;
				CLANG_WARN_EMPTY_BODY = YES;
				CLANG_WARN_ENUM_CONVERSION = YES;
				CLANG_WARN_INFINITE_RECURSION = YES;
				CLANG_WARN_INT_CONVERSION = YES;
				CLANG_WARN_OBJC_ROOT_CLASS = YES_ERROR;
				CLANG_WARN_SUSPICIOUS_MOVES = YES;
				CLANG_WARN_UNREACHABLE_CODE = YES;
				CLANG_WARN__DUPLICATE_METHOD_MATCH = YES;
				"CODE_SIGN_IDENTITY[sdk=iphoneos*]" = "iPhone Developer";
				COPY_PHASE_STRIP = NO;
				DEBUG_INFORMATION_FORMAT = "dwarf-with-dsym";
				ENABLE_NS_ASSERTIONS = NO;
				ENABLE_STRICT_OBJC_MSGSEND = YES;
				GCC_C_LANGUAGE_STANDARD = gnu99;
				GCC_NO_COMMON_BLOCKS = YES;
				GCC_WARN_64_TO_32_BIT_CONVERSION = YES;
				GCC_WARN_ABOUT_RETURN_TYPE = YES_ERROR;
				GCC_WARN_UNDECLARED_SELECTOR = YES;
				GCC_WARN_UNINITIALIZED_AUTOS = YES_AGGRESSIVE;
				GCC_WARN_UNUSED_FUNCTION = YES;
				GCC_WARN_UNUSED_VARIABLE = YES;
				IPHONEOS_DEPLOYMENT_TARGET = 10.1;
				MTL_ENABLE_DEBUG_INFO = NO;
				SDKROOT = iphoneos;
				SWIFT_OPTIMIZATION_LEVEL = "-Owholemodule";
				TARGETED_DEVICE_FAMILY = "1,2";
				VALIDATE_PRODUCT = YES;
			};
			name = Release;
		};
		716C52831EC748B600081179 /* Debug */ = {
			isa = XCBuildConfiguration;
			buildSettings = {
				ASSETCATALOG_COMPILER_APPICON_NAME = AppIcon;
				INFOPLIST_FILE = PitchPerfect/Info.plist;
				LD_RUNPATH_SEARCH_PATHS = "$(inherited) @executable_path/Frameworks";
				PRODUCT_BUNDLE_IDENTIFIER = Pinak.PitchPerfect;
				PRODUCT_NAME = "$(TARGET_NAME)";
				SWIFT_VERSION = 3.0;
			};
			name = Debug;
		};
		716C52841EC748B600081179 /* Release */ = {
			isa = XCBuildConfiguration;
			buildSettings = {
				ASSETCATALOG_COMPILER_APPICON_NAME = AppIcon;
				INFOPLIST_FILE = PitchPerfect/Info.plist;
				LD_RUNPATH_SEARCH_PATHS = "$(inherited) @executable_path/Frameworks";
				PRODUCT_BUNDLE_IDENTIFIER = Pinak.PitchPerfect;
				PRODUCT_NAME = "$(TARGET_NAME)";
				SWIFT_VERSION = 3.0;
			};
			name = Release;
		};
		716C52861EC748B600081179 /* Debug */ = {
			isa = XCBuildConfiguration;
			buildSettings = {
				ALWAYS_EMBED_SWIFT_STANDARD_LIBRARIES = YES;
				BUNDLE_LOADER = "$(TEST_HOST)";
				INFOPLIST_FILE = PitchPerfectTests/Info.plist;
				LD_RUNPATH_SEARCH_PATHS = "$(inherited) @executable_path/Frameworks @loader_path/Frameworks";
				PRODUCT_BUNDLE_IDENTIFIER = Pinak.PitchPerfectTests;
				PRODUCT_NAME = "$(TARGET_NAME)";
				SWIFT_VERSION = 3.0;
				TEST_HOST = "$(BUILT_PRODUCTS_DIR)/PitchPerfect.app/PitchPerfect";
			};
			name = Debug;
		};
		716C52871EC748B600081179 /* Release */ = {
			isa = XCBuildConfiguration;
			buildSettings = {
				ALWAYS_EMBED_SWIFT_STANDARD_LIBRARIES = YES;
				BUNDLE_LOADER = "$(TEST_HOST)";
				INFOPLIST_FILE = PitchPerfectTests/Info.plist;
				LD_RUNPATH_SEARCH_PATHS = "$(inherited) @executable_path/Frameworks @loader_path/Frameworks";
				PRODUCT_BUNDLE_IDENTIFIER = Pinak.PitchPerfectTests;
				PRODUCT_NAME = "$(TARGET_NAME)";
				SWIFT_VERSION = 3.0;
				TEST_HOST = "$(BUILT_PRODUCTS_DIR)/PitchPerfect.app/PitchPerfect";
			};
			name = Release;
		};
		716C52891EC748B600081179 /* Debug */ = {
			isa = XCBuildConfiguration;
			buildSettings = {
				ALWAYS_EMBED_SWIFT_STANDARD_LIBRARIES = YES;
				INFOPLIST_FILE = PitchPerfectUITests/Info.plist;
				LD_RUNPATH_SEARCH_PATHS = "$(inherited) @executable_path/Frameworks @loader_path/Frameworks";
				PRODUCT_BUNDLE_IDENTIFIER = Pinak.PitchPerfectUITests;
				PRODUCT_NAME = "$(TARGET_NAME)";
				SWIFT_VERSION = 3.0;
				TEST_TARGET_NAME = PitchPerfect;
			};
			name = Debug;
		};
		716C528A1EC748B600081179 /* Release */ = {
			isa = XCBuildConfiguration;
			buildSettings = {
				ALWAYS_EMBED_SWIFT_STANDARD_LIBRARIES = YES;
				INFOPLIST_FILE = PitchPerfectUITests/Info.plist;
				LD_RUNPATH_SEARCH_PATHS = "$(inherited) @executable_path/Frameworks @loader_path/Frameworks";
				PRODUCT_BUNDLE_IDENTIFIER = Pinak.PitchPerfectUITests;
				PRODUCT_NAME = "$(TARGET_NAME)";
				SWIFT_VERSION = 3.0;
				TEST_TARGET_NAME = PitchPerfect;
			};
			name = Release;
		};
/* End XCBuildConfiguration section */

/* Begin XCConfigurationList section */
		716C52551EC748B600081179 /* Build configuration list for PBXProject "PitchPerfect" */ = {
			isa = XCConfigurationList;
			buildConfigurations = (
				716C52801EC748B600081179 /* Debug */,
				716C52811EC748B600081179 /* Release */,
			);
			defaultConfigurationIsVisible = 0;
			defaultConfigurationName = Release;
		};
		716C52821EC748B600081179 /* Build configuration list for PBXNativeTarget "PitchPerfect" */ = {
			isa = XCConfigurationList;
			buildConfigurations = (
				716C52831EC748B600081179 /* Debug */,
				716C52841EC748B600081179 /* Release */,
			);
			defaultConfigurationIsVisible = 0;
		};
		716C52851EC748B600081179 /* Build configuration list for PBXNativeTarget "PitchPerfectTests" */ = {
			isa = XCConfigurationList;
			buildConfigurations = (
				716C52861EC748B600081179 /* Debug */,
				716C52871EC748B600081179 /* Release */,
			);
			defaultConfigurationIsVisible = 0;
		};
		716C52881EC748B600081179 /* Build configuration list for PBXNativeTarget "PitchPerfectUITests" */ = {
			isa = XCConfigurationList;
			buildConfigurations = (
				716C52891EC748B600081179 /* Debug */,
				716C528A1EC748B600081179 /* Release */,
			);
			defaultConfigurationIsVisible = 0;
		};
/* End XCConfigurationList section */
	};
	rootObject = 716C52521EC748B600081179 /* Project object */;
}
